// !$*UTF8*$!
{
	archiveVersion = 1;
	classes = {
	};
	objectVersion = 50;
	objects = {

/* Begin PBXBuildFile section */
		FAAB815F2630C81500C88BF0 /* AppDelegate.swift in Sources */ = {isa = PBXBuildFile; fileRef = FAAB815E2630C81500C88BF0 /* AppDelegate.swift */; };
		FAAB81612630C81500C88BF0 /* SceneDelegate.swift in Sources */ = {isa = PBXBuildFile; fileRef = FAAB81602630C81500C88BF0 /* SceneDelegate.swift */; };
		FAAB81632630C81500C88BF0 /* ViewController.swift in Sources */ = {isa = PBXBuildFile; fileRef = FAAB81622630C81500C88BF0 /* ViewController.swift */; };
		FAAB81662630C81500C88BF0 /* Main.storyboard in Resources */ = {isa = PBXBuildFile; fileRef = FAAB81642630C81500C88BF0 /* Main.storyboard */; };
		FAAB81682630C81B00C88BF0 /* Assets.xcassets in Resources */ = {isa = PBXBuildFile; fileRef = FAAB81672630C81B00C88BF0 /* Assets.xcassets */; };
		FAAB816B2630C81B00C88BF0 /* LaunchScreen.storyboard in Resources */ = {isa = PBXBuildFile; fileRef = FAAB81692630C81B00C88BF0 /* LaunchScreen.storyboard */; };
		FAAB81762630C81B00C88BF0 /* TinderTests.swift in Sources */ = {isa = PBXBuildFile; fileRef = FAAB81752630C81B00C88BF0 /* TinderTests.swift */; };
		FAAB81812630C81B00C88BF0 /* TinderUITests.swift in Sources */ = {isa = PBXBuildFile; fileRef = FAAB81802630C81B00C88BF0 /* TinderUITests.swift */; };
		FAAB81932630C85F00C88BF0 /* CombineVC.swift in Sources */ = {isa = PBXBuildFile; fileRef = FAAB81922630C85F00C88BF0 /* CombineVC.swift */; };
		FAAB819C2630CFB800C88BF0 /* CombineCardView.swift in Sources */ = {isa = PBXBuildFile; fileRef = FAAB819B2630CFB800C88BF0 /* CombineCardView.swift */; };
		FAAB81AA2630D15400C88BF0 /* UIView.swift in Sources */ = {isa = PBXBuildFile; fileRef = FAAB81A92630D15400C88BF0 /* UIView.swift */; };
		FAAB81F12630F3E900C88BF0 /* UILabel.swift in Sources */ = {isa = PBXBuildFile; fileRef = FAAB81F02630F3E900C88BF0 /* UILabel.swift */; };
		FAAB81FA2630F83900C88BF0 /* UsuarioService.swift in Sources */ = {isa = PBXBuildFile; fileRef = FAAB81F92630F83900C88BF0 /* UsuarioService.swift */; };
		FAAB820B2630F90400C88BF0 /* Usuario.swift in Sources */ = {isa = PBXBuildFile; fileRef = FAAB820A2630F90400C88BF0 /* Usuario.swift */; };
/* End PBXBuildFile section */

/* Begin PBXContainerItemProxy section */
		FAAB81722630C81B00C88BF0 /* PBXContainerItemProxy */ = {
			isa = PBXContainerItemProxy;
			containerPortal = FAAB81532630C81500C88BF0 /* Project object */;
			proxyType = 1;
			remoteGlobalIDString = FAAB815A2630C81500C88BF0;
			remoteInfo = Tinder;
		};
		FAAB817D2630C81B00C88BF0 /* PBXContainerItemProxy */ = {
			isa = PBXContainerItemProxy;
			containerPortal = FAAB81532630C81500C88BF0 /* Project object */;
			proxyType = 1;
			remoteGlobalIDString = FAAB815A2630C81500C88BF0;
			remoteInfo = Tinder;
		};
/* End PBXContainerItemProxy section */

/* Begin PBXFileReference section */
		FAAB815B2630C81500C88BF0 /* Tinder.app */ = {isa = PBXFileReference; explicitFileType = wrapper.application; includeInIndex = 0; path = Tinder.app; sourceTree = BUILT_PRODUCTS_DIR; };
		FAAB815E2630C81500C88BF0 /* AppDelegate.swift */ = {isa = PBXFileReference; lastKnownFileType = sourcecode.swift; path = AppDelegate.swift; sourceTree = "<group>"; };
		FAAB81602630C81500C88BF0 /* SceneDelegate.swift */ = {isa = PBXFileReference; lastKnownFileType = sourcecode.swift; path = SceneDelegate.swift; sourceTree = "<group>"; };
		FAAB81622630C81500C88BF0 /* ViewController.swift */ = {isa = PBXFileReference; lastKnownFileType = sourcecode.swift; path = ViewController.swift; sourceTree = "<group>"; };
		FAAB81652630C81500C88BF0 /* Base */ = {isa = PBXFileReference; lastKnownFileType = file.storyboard; name = Base; path = Base.lproj/Main.storyboard; sourceTree = "<group>"; };
		FAAB81672630C81B00C88BF0 /* Assets.xcassets */ = {isa = PBXFileReference; lastKnownFileType = folder.assetcatalog; path = Assets.xcassets; sourceTree = "<group>"; };
		FAAB816A2630C81B00C88BF0 /* Base */ = {isa = PBXFileReference; lastKnownFileType = file.storyboard; name = Base; path = Base.lproj/LaunchScreen.storyboard; sourceTree = "<group>"; };
		FAAB816C2630C81B00C88BF0 /* Info.plist */ = {isa = PBXFileReference; lastKnownFileType = text.plist.xml; path = Info.plist; sourceTree = "<group>"; };
		FAAB81712630C81B00C88BF0 /* TinderTests.xctest */ = {isa = PBXFileReference; explicitFileType = wrapper.cfbundle; includeInIndex = 0; path = TinderTests.xctest; sourceTree = BUILT_PRODUCTS_DIR; };
		FAAB81752630C81B00C88BF0 /* TinderTests.swift */ = {isa = PBXFileReference; lastKnownFileType = sourcecode.swift; path = TinderTests.swift; sourceTree = "<group>"; };
		FAAB81772630C81B00C88BF0 /* Info.plist */ = {isa = PBXFileReference; lastKnownFileType = text.plist.xml; path = Info.plist; sourceTree = "<group>"; };
		FAAB817C2630C81B00C88BF0 /* TinderUITests.xctest */ = {isa = PBXFileReference; explicitFileType = wrapper.cfbundle; includeInIndex = 0; path = TinderUITests.xctest; sourceTree = BUILT_PRODUCTS_DIR; };
		FAAB81802630C81B00C88BF0 /* TinderUITests.swift */ = {isa = PBXFileReference; lastKnownFileType = sourcecode.swift; path = TinderUITests.swift; sourceTree = "<group>"; };
		FAAB81822630C81B00C88BF0 /* Info.plist */ = {isa = PBXFileReference; lastKnownFileType = text.plist.xml; path = Info.plist; sourceTree = "<group>"; };
		FAAB81922630C85F00C88BF0 /* CombineVC.swift */ = {isa = PBXFileReference; lastKnownFileType = sourcecode.swift; path = CombineVC.swift; sourceTree = "<group>"; };
		FAAB819B2630CFB800C88BF0 /* CombineCardView.swift */ = {isa = PBXFileReference; lastKnownFileType = sourcecode.swift; path = CombineCardView.swift; sourceTree = "<group>"; };
		FAAB81A92630D15400C88BF0 /* UIView.swift */ = {isa = PBXFileReference; fileEncoding = 4; lastKnownFileType = sourcecode.swift; path = UIView.swift; sourceTree = "<group>"; };
		FAAB81F02630F3E900C88BF0 /* UILabel.swift */ = {isa = PBXFileReference; lastKnownFileType = sourcecode.swift; path = UILabel.swift; sourceTree = "<group>"; };
		FAAB81F92630F83900C88BF0 /* UsuarioService.swift */ = {isa = PBXFileReference; fileEncoding = 4; lastKnownFileType = sourcecode.swift; path = UsuarioService.swift; sourceTree = "<group>"; };
		FAAB820A2630F90400C88BF0 /* Usuario.swift */ = {isa = PBXFileReference; lastKnownFileType = sourcecode.swift; path = Usuario.swift; sourceTree = "<group>"; };
/* End PBXFileReference section */

/* Begin PBXFrameworksBuildPhase section */
		FAAB81582630C81500C88BF0 /* Frameworks */ = {
			isa = PBXFrameworksBuildPhase;
			buildActionMask = 2147483647;
			files = (
			);
			runOnlyForDeploymentPostprocessing = 0;
		};
		FAAB816E2630C81B00C88BF0 /* Frameworks */ = {
			isa = PBXFrameworksBuildPhase;
			buildActionMask = 2147483647;
			files = (
			);
			runOnlyForDeploymentPostprocessing = 0;
		};
		FAAB81792630C81B00C88BF0 /* Frameworks */ = {
			isa = PBXFrameworksBuildPhase;
			buildActionMask = 2147483647;
			files = (
			);
			runOnlyForDeploymentPostprocessing = 0;
		};
/* End PBXFrameworksBuildPhase section */

/* Begin PBXGroup section */
		FAAB81522630C81500C88BF0 = {
			isa = PBXGroup;
			children = (
				FAAB815D2630C81500C88BF0 /* Tinder */,
				FAAB81742630C81B00C88BF0 /* TinderTests */,
				FAAB817F2630C81B00C88BF0 /* TinderUITests */,
				FAAB815C2630C81500C88BF0 /* Products */,
			);
			sourceTree = "<group>";
		};
		FAAB815C2630C81500C88BF0 /* Products */ = {
			isa = PBXGroup;
			children = (
				FAAB815B2630C81500C88BF0 /* Tinder.app */,
				FAAB81712630C81B00C88BF0 /* TinderTests.xctest */,
				FAAB817C2630C81B00C88BF0 /* TinderUITests.xctest */,
			);
			name = Products;
			sourceTree = "<group>";
		};
		FAAB815D2630C81500C88BF0 /* Tinder */ = {
			isa = PBXGroup;
			children = (
				FAAB81FE2630F86400C88BF0 /* Model */,
				FAAB81F52630F7F900C88BF0 /* Service */,
				FAAB81A02630D12400C88BF0 /* Lib */,
				FAAB819A2630CF9F00C88BF0 /* View */,
				FAAB81912630C83100C88BF0 /* Controller */,
				FAAB815E2630C81500C88BF0 /* AppDelegate.swift */,
				FAAB81602630C81500C88BF0 /* SceneDelegate.swift */,
				FAAB81622630C81500C88BF0 /* ViewController.swift */,
				FAAB81642630C81500C88BF0 /* Main.storyboard */,
				FAAB81672630C81B00C88BF0 /* Assets.xcassets */,
				FAAB81692630C81B00C88BF0 /* LaunchScreen.storyboard */,
				FAAB816C2630C81B00C88BF0 /* Info.plist */,
			);
			path = Tinder;
			sourceTree = "<group>";
		};
		FAAB81742630C81B00C88BF0 /* TinderTests */ = {
			isa = PBXGroup;
			children = (
				FAAB81752630C81B00C88BF0 /* TinderTests.swift */,
				FAAB81772630C81B00C88BF0 /* Info.plist */,
			);
			path = TinderTests;
			sourceTree = "<group>";
		};
		FAAB817F2630C81B00C88BF0 /* TinderUITests */ = {
			isa = PBXGroup;
			children = (
				FAAB81802630C81B00C88BF0 /* TinderUITests.swift */,
				FAAB81822630C81B00C88BF0 /* Info.plist */,
			);
			path = TinderUITests;
			sourceTree = "<group>";
		};
		FAAB81912630C83100C88BF0 /* Controller */ = {
			isa = PBXGroup;
			children = (
				FAAB81922630C85F00C88BF0 /* CombineVC.swift */,
			);
			path = Controller;
			sourceTree = "<group>";
		};
		FAAB819A2630CF9F00C88BF0 /* View */ = {
			isa = PBXGroup;
			children = (
				FAAB819B2630CFB800C88BF0 /* CombineCardView.swift */,
			);
			path = View;
			sourceTree = "<group>";
		};
		FAAB81A02630D12400C88BF0 /* Lib */ = {
			isa = PBXGroup;
			children = (
				FAAB81A92630D15400C88BF0 /* UIView.swift */,
				FAAB81F02630F3E900C88BF0 /* UILabel.swift */,
			);
			path = Lib;
			sourceTree = "<group>";
		};
		FAAB81F52630F7F900C88BF0 /* Service */ = {
			isa = PBXGroup;
			children = (
				FAAB81F92630F83900C88BF0 /* UsuarioService.swift */,
			);
			path = Service;
			sourceTree = "<group>";
		};
		FAAB81FE2630F86400C88BF0 /* Model */ = {
			isa = PBXGroup;
			children = (
				FAAB820A2630F90400C88BF0 /* Usuario.swift */,
			);
			path = Model;
			sourceTree = "<group>";
		};
/* End PBXGroup section */

/* Begin PBXNativeTarget section */
		FAAB815A2630C81500C88BF0 /* Tinder */ = {
			isa = PBXNativeTarget;
			buildConfigurationList = FAAB81852630C81B00C88BF0 /* Build configuration list for PBXNativeTarget "Tinder" */;
			buildPhases = (
				FAAB81572630C81500C88BF0 /* Sources */,
				FAAB81582630C81500C88BF0 /* Frameworks */,
				FAAB81592630C81500C88BF0 /* Resources */,
			);
			buildRules = (
			);
			dependencies = (
			);
			name = Tinder;
			productName = Tinder;
			productReference = FAAB815B2630C81500C88BF0 /* Tinder.app */;
			productType = "com.apple.product-type.application";
		};
		FAAB81702630C81B00C88BF0 /* TinderTests */ = {
			isa = PBXNativeTarget;
			buildConfigurationList = FAAB81882630C81B00C88BF0 /* Build configuration list for PBXNativeTarget "TinderTests" */;
			buildPhases = (
				FAAB816D2630C81B00C88BF0 /* Sources */,
				FAAB816E2630C81B00C88BF0 /* Frameworks */,
				FAAB816F2630C81B00C88BF0 /* Resources */,
			);
			buildRules = (
			);
			dependencies = (
				FAAB81732630C81B00C88BF0 /* PBXTargetDependency */,
			);
			name = TinderTests;
			productName = TinderTests;
			productReference = FAAB81712630C81B00C88BF0 /* TinderTests.xctest */;
			productType = "com.apple.product-type.bundle.unit-test";
		};
		FAAB817B2630C81B00C88BF0 /* TinderUITests */ = {
			isa = PBXNativeTarget;
			buildConfigurationList = FAAB818B2630C81B00C88BF0 /* Build configuration list for PBXNativeTarget "TinderUITests" */;
			buildPhases = (
				FAAB81782630C81B00C88BF0 /* Sources */,
				FAAB81792630C81B00C88BF0 /* Frameworks */,
				FAAB817A2630C81B00C88BF0 /* Resources */,
			);
			buildRules = (
			);
			dependencies = (
				FAAB817E2630C81B00C88BF0 /* PBXTargetDependency */,
			);
			name = TinderUITests;
			productName = TinderUITests;
			productReference = FAAB817C2630C81B00C88BF0 /* TinderUITests.xctest */;
			productType = "com.apple.product-type.bundle.ui-testing";
		};
/* End PBXNativeTarget section */

/* Begin PBXProject section */
		FAAB81532630C81500C88BF0 /* Project object */ = {
			isa = PBXProject;
			attributes = {
				LastSwiftUpdateCheck = 1240;
				LastUpgradeCheck = 1240;
				TargetAttributes = {
					FAAB815A2630C81500C88BF0 = {
						CreatedOnToolsVersion = 12.4;
					};
					FAAB81702630C81B00C88BF0 = {
						CreatedOnToolsVersion = 12.4;
						TestTargetID = FAAB815A2630C81500C88BF0;
					};
					FAAB817B2630C81B00C88BF0 = {
						CreatedOnToolsVersion = 12.4;
						TestTargetID = FAAB815A2630C81500C88BF0;
					};
				};
			};
			buildConfigurationList = FAAB81562630C81500C88BF0 /* Build configuration list for PBXProject "Tinder" */;
			compatibilityVersion = "Xcode 9.3";
			developmentRegion = en;
			hasScannedForEncodings = 0;
			knownRegions = (
				en,
				Base,
			);
			mainGroup = FAAB81522630C81500C88BF0;
			productRefGroup = FAAB815C2630C81500C88BF0 /* Products */;
			projectDirPath = "";
			projectRoot = "";
			targets = (
				FAAB815A2630C81500C88BF0 /* Tinder */,
				FAAB81702630C81B00C88BF0 /* TinderTests */,
				FAAB817B2630C81B00C88BF0 /* TinderUITests */,
			);
		};
/* End PBXProject section */

/* Begin PBXResourcesBuildPhase section */
		FAAB81592630C81500C88BF0 /* Resources */ = {
			isa = PBXResourcesBuildPhase;
			buildActionMask = 2147483647;
			files = (
				FAAB816B2630C81B00C88BF0 /* LaunchScreen.storyboard in Resources */,
				FAAB81682630C81B00C88BF0 /* Assets.xcassets in Resources */,
				FAAB81662630C81500C88BF0 /* Main.storyboard in Resources */,
			);
			runOnlyForDeploymentPostprocessing = 0;
		};
		FAAB816F2630C81B00C88BF0 /* Resources */ = {
			isa = PBXResourcesBuildPhase;
			buildActionMask = 2147483647;
			files = (
			);
			runOnlyForDeploymentPostprocessing = 0;
		};
		FAAB817A2630C81B00C88BF0 /* Resources */ = {
			isa = PBXResourcesBuildPhase;
			buildActionMask = 2147483647;
			files = (
			);
			runOnlyForDeploymentPostprocessing = 0;
		};
/* End PBXResourcesBuildPhase section */

/* Begin PBXSourcesBuildPhase section */
		FAAB81572630C81500C88BF0 /* Sources */ = {
			isa = PBXSourcesBuildPhase;
			buildActionMask = 2147483647;
			files = (
				FAAB81FA2630F83900C88BF0 /* UsuarioService.swift in Sources */,
				FAAB81932630C85F00C88BF0 /* CombineVC.swift in Sources */,
				FAAB81632630C81500C88BF0 /* ViewController.swift in Sources */,
				FAAB81F12630F3E900C88BF0 /* UILabel.swift in Sources */,
				FAAB819C2630CFB800C88BF0 /* CombineCardView.swift in Sources */,
				FAAB820B2630F90400C88BF0 /* Usuario.swift in Sources */,
				FAAB815F2630C81500C88BF0 /* AppDelegate.swift in Sources */,
				FAAB81AA2630D15400C88BF0 /* UIView.swift in Sources */,
				FAAB81612630C81500C88BF0 /* SceneDelegate.swift in Sources */,
			);
			runOnlyForDeploymentPostprocessing = 0;
		};
		FAAB816D2630C81B00C88BF0 /* Sources */ = {
			isa = PBXSourcesBuildPhase;
			buildActionMask = 2147483647;
			files = (
				FAAB81762630C81B00C88BF0 /* TinderTests.swift in Sources */,
			);
			runOnlyForDeploymentPostprocessing = 0;
		};
		FAAB81782630C81B00C88BF0 /* Sources */ = {
			isa = PBXSourcesBuildPhase;
			buildActionMask = 2147483647;
			files = (
				FAAB81812630C81B00C88BF0 /* TinderUITests.swift in Sources */,
			);
			runOnlyForDeploymentPostprocessing = 0;
		};
/* End PBXSourcesBuildPhase section */

/* Begin PBXTargetDependency section */
		FAAB81732630C81B00C88BF0 /* PBXTargetDependency */ = {
			isa = PBXTargetDependency;
			target = FAAB815A2630C81500C88BF0 /* Tinder */;
			targetProxy = FAAB81722630C81B00C88BF0 /* PBXContainerItemProxy */;
		};
		FAAB817E2630C81B00C88BF0 /* PBXTargetDependency */ = {
			isa = PBXTargetDependency;
			target = FAAB815A2630C81500C88BF0 /* Tinder */;
			targetProxy = FAAB817D2630C81B00C88BF0 /* PBXContainerItemProxy */;
		};
/* End PBXTargetDependency section */

/* Begin PBXVariantGroup section */
		FAAB81642630C81500C88BF0 /* Main.storyboard */ = {
			isa = PBXVariantGroup;
			children = (
				FAAB81652630C81500C88BF0 /* Base */,
			);
			name = Main.storyboard;
			sourceTree = "<group>";
		};
		FAAB81692630C81B00C88BF0 /* LaunchScreen.storyboard */ = {
			isa = PBXVariantGroup;
			children = (
				FAAB816A2630C81B00C88BF0 /* Base */,
			);
			name = LaunchScreen.storyboard;
			sourceTree = "<group>";
		};
/* End PBXVariantGroup section */

/* Begin XCBuildConfiguration section */
		FAAB81832630C81B00C88BF0 /* Debug */ = {
			isa = XCBuildConfiguration;
			buildSettings = {
				ALWAYS_SEARCH_USER_PATHS = NO;
				CLANG_ANALYZER_NONNULL = YES;
				CLANG_ANALYZER_NUMBER_OBJECT_CONVERSION = YES_AGGRESSIVE;
				CLANG_CXX_LANGUAGE_STANDARD = "gnu++14";
				CLANG_CXX_LIBRARY = "libc++";
				CLANG_ENABLE_MODULES = YES;
				CLANG_ENABLE_OBJC_ARC = YES;
				CLANG_ENABLE_OBJC_WEAK = YES;
				CLANG_WARN_BLOCK_CAPTURE_AUTORELEASING = YES;
				CLANG_WARN_BOOL_CONVERSION = YES;
				CLANG_WARN_COMMA = YES;
				CLANG_WARN_CONSTANT_CONVERSION = YES;
				CLANG_WARN_DEPRECATED_OBJC_IMPLEMENTATIONS = YES;
				CLANG_WARN_DIRECT_OBJC_ISA_USAGE = YES_ERROR;
				CLANG_WARN_DOCUMENTATION_COMMENTS = YES;
				CLANG_WARN_EMPTY_BODY = YES;
				CLANG_WARN_ENUM_CONVERSION = YES;
				CLANG_WARN_INFINITE_RECURSION = YES;
				CLANG_WARN_INT_CONVERSION = YES;
				CLANG_WARN_NON_LITERAL_NULL_CONVERSION = YES;
				CLANG_WARN_OBJC_IMPLICIT_RETAIN_SELF = YES;
				CLANG_WARN_OBJC_LITERAL_CONVERSION = YES;
				CLANG_WARN_OBJC_ROOT_CLASS = YES_ERROR;
				CLANG_WARN_QUOTED_INCLUDE_IN_FRAMEWORK_HEADER = YES;
				CLANG_WARN_RANGE_LOOP_ANALYSIS = YES;
				CLANG_WARN_STRICT_PROTOTYPES = YES;
				CLANG_WARN_SUSPICIOUS_MOVE = YES;
				CLANG_WARN_UNGUARDED_AVAILABILITY = YES_AGGRESSIVE;
				CLANG_WARN_UNREACHABLE_CODE = YES;
				CLANG_WARN__DUPLICATE_METHOD_MATCH = YES;
				COPY_PHASE_STRIP = NO;
				DEBUG_INFORMATION_FORMAT = dwarf;
				ENABLE_STRICT_OBJC_MSGSEND = YES;
				ENABLE_TESTABILITY = YES;
				GCC_C_LANGUAGE_STANDARD = gnu11;
				GCC_DYNAMIC_NO_PIC = NO;
				GCC_NO_COMMON_BLOCKS = YES;
				GCC_OPTIMIZATION_LEVEL = 0;
				GCC_PREPROCESSOR_DEFINITIONS = (
					"DEBUG=1",
					"$(inherited)",
				);
				GCC_WARN_64_TO_32_BIT_CONVERSION = YES;
				GCC_WARN_ABOUT_RETURN_TYPE = YES_ERROR;
				GCC_WARN_UNDECLARED_SELECTOR = YES;
				GCC_WARN_UNINITIALIZED_AUTOS = YES_AGGRESSIVE;
				GCC_WARN_UNUSED_FUNCTION = YES;
				GCC_WARN_UNUSED_VARIABLE = YES;
				IPHONEOS_DEPLOYMENT_TARGET = 14.4;
				MTL_ENABLE_DEBUG_INFO = INCLUDE_SOURCE;
				MTL_FAST_MATH = YES;
				ONLY_ACTIVE_ARCH = YES;
				SDKROOT = iphoneos;
				SWIFT_ACTIVE_COMPILATION_CONDITIONS = DEBUG;
				SWIFT_OPTIMIZATION_LEVEL = "-Onone";
			};
			name = Debug;
		};
		FAAB81842630C81B00C88BF0 /* Release */ = {
			isa = XCBuildConfiguration;
			buildSettings = {
				ALWAYS_SEARCH_USER_PATHS = NO;
				CLANG_ANALYZER_NONNULL = YES;
				CLANG_ANALYZER_NUMBER_OBJECT_CONVERSION = YES_AGGRESSIVE;
				CLANG_CXX_LANGUAGE_STANDARD = "gnu++14";
				CLANG_CXX_LIBRARY = "libc++";
				CLANG_ENABLE_MODULES = YES;
				CLANG_ENABLE_OBJC_ARC = YES;
				CLANG_ENABLE_OBJC_WEAK = YES;
				CLANG_WARN_BLOCK_CAPTURE_AUTORELEASING = YES;
				CLANG_WARN_BOOL_CONVERSION = YES;
				CLANG_WARN_COMMA = YES;
				CLANG_WARN_CONSTANT_CONVERSION = YES;
				CLANG_WARN_DEPRECATED_OBJC_IMPLEMENTATIONS = YES;
				CLANG_WARN_DIRECT_OBJC_ISA_USAGE = YES_ERROR;
				CLANG_WARN_DOCUMENTATION_COMMENTS = YES;
				CLANG_WARN_EMPTY_BODY = YES;
				CLANG_WARN_ENUM_CONVERSION = YES;
				CLANG_WARN_INFINITE_RECURSION = YES;
				CLANG_WARN_INT_CONVERSION = YES;
				CLANG_WARN_NON_LITERAL_NULL_CONVERSION = YES;
				CLANG_WARN_OBJC_IMPLICIT_RETAIN_SELF = YES;
				CLANG_WARN_OBJC_LITERAL_CONVERSION = YES;
				CLANG_WARN_OBJC_ROOT_CLASS = YES_ERROR;
				CLANG_WARN_QUOTED_INCLUDE_IN_FRAMEWORK_HEADER = YES;
				CLANG_WARN_RANGE_LOOP_ANALYSIS = YES;
				CLANG_WARN_STRICT_PROTOTYPES = YES;
				CLANG_WARN_SUSPICIOUS_MOVE = YES;
				CLANG_WARN_UNGUARDED_AVAILABILITY = YES_AGGRESSIVE;
				CLANG_WARN_UNREACHABLE_CODE = YES;
				CLANG_WARN__DUPLICATE_METHOD_MATCH = YES;
				COPY_PHASE_STRIP = NO;
				DEBUG_INFORMATION_FORMAT = "dwarf-with-dsym";
				ENABLE_NS_ASSERTIONS = NO;
				ENABLE_STRICT_OBJC_MSGSEND = YES;
				GCC_C_LANGUAGE_STANDARD = gnu11;
				GCC_NO_COMMON_BLOCKS = YES;
				GCC_WARN_64_TO_32_BIT_CONVERSION = YES;
				GCC_WARN_ABOUT_RETURN_TYPE = YES_ERROR;
				GCC_WARN_UNDECLARED_SELECTOR = YES;
				GCC_WARN_UNINITIALIZED_AUTOS = YES_AGGRESSIVE;
				GCC_WARN_UNUSED_FUNCTION = YES;
				GCC_WARN_UNUSED_VARIABLE = YES;
				IPHONEOS_DEPLOYMENT_TARGET = 14.4;
				MTL_ENABLE_DEBUG_INFO = NO;
				MTL_FAST_MATH = YES;
				SDKROOT = iphoneos;
				SWIFT_COMPILATION_MODE = wholemodule;
				SWIFT_OPTIMIZATION_LEVEL = "-O";
				VALIDATE_PRODUCT = YES;
			};
			name = Release;
		};
		FAAB81862630C81B00C88BF0 /* Debug */ = {
			isa = XCBuildConfiguration;
			buildSettings = {
				ASSETCATALOG_COMPILER_APPICON_NAME = AppIcon;
				ASSETCATALOG_COMPILER_GLOBAL_ACCENT_COLOR_NAME = AccentColor;
				CODE_SIGN_STYLE = Automatic;
				INFOPLIST_FILE = Tinder/Info.plist;
				LD_RUNPATH_SEARCH_PATHS = (
					"$(inherited)",
					"@executable_path/Frameworks",
				);
				PRODUCT_BUNDLE_IDENTIFIER = "Joao-Victor.Tinder";
				PRODUCT_NAME = "$(TARGET_NAME)";
				SWIFT_VERSION = 5.0;
				TARGETED_DEVICE_FAMILY = "1,2";
			};
			name = Debug;
		};
		FAAB81872630C81B00C88BF0 /* Release */ = {
			isa = XCBuildConfiguration;
			buildSettings = {
				ASSETCATALOG_COMPILER_APPICON_NAME = AppIcon;
				ASSETCATALOG_COMPILER_GLOBAL_ACCENT_COLOR_NAME = AccentColor;
				CODE_SIGN_STYLE = Automatic;
				INFOPLIST_FILE = Tinder/Info.plist;
				LD_RUNPATH_SEARCH_PATHS = (
					"$(inherited)",
					"@executable_path/Frameworks",
				);
				PRODUCT_BUNDLE_IDENTIFIER = "Joao-Victor.Tinder";
				PRODUCT_NAME = "$(TARGET_NAME)";
				SWIFT_VERSION = 5.0;
				TARGETED_DEVICE_FAMILY = "1,2";
			};
			name = Release;
		};
		FAAB81892630C81B00C88BF0 /* Debug */ = {
			isa = XCBuildConfiguration;
			buildSettings = {
				ALWAYS_EMBED_SWIFT_STANDARD_LIBRARIES = YES;
				BUNDLE_LOADER = "$(TEST_HOST)";
				CODE_SIGN_STYLE = Automatic;
				INFOPLIST_FILE = TinderTests/Info.plist;
				IPHONEOS_DEPLOYMENT_TARGET = 14.4;
				LD_RUNPATH_SEARCH_PATHS = (
					"$(inherited)",
					"@executable_path/Frameworks",
					"@loader_path/Frameworks",
				);
				PRODUCT_BUNDLE_IDENTIFIER = "Joao-Victor.TinderTests";
				PRODUCT_NAME = "$(TARGET_NAME)";
				SWIFT_VERSION = 5.0;
				TARGETED_DEVICE_FAMILY = "1,2";
				TEST_HOST = "$(BUILT_PRODUCTS_DIR)/Tinder.app/Tinder";
			};
			name = Debug;
		};
		FAAB818A2630C81B00C88BF0 /* Release */ = {
			isa = XCBuildConfiguration;
			buildSettings = {
				ALWAYS_EMBED_SWIFT_STANDARD_LIBRARIES = YES;
				BUNDLE_LOADER = "$(TEST_HOST)";
				CODE_SIGN_STYLE = Automatic;
				INFOPLIST_FILE = TinderTests/Info.plist;
				IPHONEOS_DEPLOYMENT_TARGET = 14.4;
				LD_RUNPATH_SEARCH_PATHS = (
					"$(inherited)",
					"@executable_path/Frameworks",
					"@loader_path/Frameworks",
				);
				PRODUCT_BUNDLE_IDENTIFIER = "Joao-Victor.TinderTests";
				PRODUCT_NAME = "$(TARGET_NAME)";
				SWIFT_VERSION = 5.0;
				TARGETED_DEVICE_FAMILY = "1,2";
				TEST_HOST = "$(BUILT_PRODUCTS_DIR)/Tinder.app/Tinder";
			};
			name = Release;
		};
		FAAB818C2630C81B00C88BF0 /* Debug */ = {
			isa = XCBuildConfiguration;
			buildSettings = {
				ALWAYS_EMBED_SWIFT_STANDARD_LIBRARIES = YES;
				CODE_SIGN_STYLE = Automatic;
				INFOPLIST_FILE = TinderUITests/Info.plist;
				LD_RUNPATH_SEARCH_PATHS = (
					"$(inherited)",
					"@executable_path/Frameworks",
					"@loader_path/Frameworks",
				);
				PRODUCT_BUNDLE_IDENTIFIER = "Joao-Victor.TinderUITests";
				PRODUCT_NAME = "$(TARGET_NAME)";
				SWIFT_VERSION = 5.0;
				TARGETED_DEVICE_FAMILY = "1,2";
				TEST_TARGET_NAME = Tinder;
			};
			name = Debug;
		};
		FAAB818D2630C81B00C88BF0 /* Release */ = {
			isa = XCBuildConfiguration;
			buildSettings = {
				ALWAYS_EMBED_SWIFT_STANDARD_LIBRARIES = YES;
				CODE_SIGN_STYLE = Automatic;
				INFOPLIST_FILE = TinderUITests/Info.plist;
				LD_RUNPATH_SEARCH_PATHS = (
					"$(inherited)",
					"@executable_path/Frameworks",
					"@loader_path/Frameworks",
				);
				PRODUCT_BUNDLE_IDENTIFIER = "Joao-Victor.TinderUITests";
				PRODUCT_NAME = "$(TARGET_NAME)";
				SWIFT_VERSION = 5.0;
				TARGETED_DEVICE_FAMILY = "1,2";
				TEST_TARGET_NAME = Tinder;
			};
			name = Release;
		};
/* End XCBuildConfiguration section */

/* Begin XCConfigurationList section */
		FAAB81562630C81500C88BF0 /* Build configuration list for PBXProject "Tinder" */ = {
			isa = XCConfigurationList;
			buildConfigurations = (
				FAAB81832630C81B00C88BF0 /* Debug */,
				FAAB81842630C81B00C88BF0 /* Release */,
			);
			defaultConfigurationIsVisible = 0;
			defaultConfigurationName = Release;
		};
		FAAB81852630C81B00C88BF0 /* Build configuration list for PBXNativeTarget "Tinder" */ = {
			isa = XCConfigurationList;
			buildConfigurations = (
				FAAB81862630C81B00C88BF0 /* Debug */,
				FAAB81872630C81B00C88BF0 /* Release */,
			);
			defaultConfigurationIsVisible = 0;
			defaultConfigurationName = Release;
		};
		FAAB81882630C81B00C88BF0 /* Build configuration list for PBXNativeTarget "TinderTests" */ = {
			isa = XCConfigurationList;
			buildConfigurations = (
				FAAB81892630C81B00C88BF0 /* Debug */,
				FAAB818A2630C81B00C88BF0 /* Release */,
			);
			defaultConfigurationIsVisible = 0;
			defaultConfigurationName = Release;
		};
		FAAB818B2630C81B00C88BF0 /* Build configuration list for PBXNativeTarget "TinderUITests" */ = {
			isa = XCConfigurationList;
			buildConfigurations = (
				FAAB818C2630C81B00C88BF0 /* Debug */,
				FAAB818D2630C81B00C88BF0 /* Release */,
			);
			defaultConfigurationIsVisible = 0;
			defaultConfigurationName = Release;
		};
/* End XCConfigurationList section */
	};
	rootObject = FAAB81532630C81500C88BF0 /* Project object */;
}
